github.com/subiz/executor/v2 v2.0.3 h1:sjUGypL5n/L+i6EhhF1TeHvofKXcHzqbBGkLWgYTp4g=
github.com/subiz/executor/v2 v2.0.3/go.mod h1:OtujicyEl4kgUnQX+8GV2alYtS27qV7UtOt3MUh8NIg=
github.com/subiz/log v0.0.55 h1://EedI/4L8zhR1+PsYbQrLz3qr/5MzcYAdbT8GlY22Y=
github.com/subiz/log v0.0.55/go.mod h1:NX1WqHvkg/v2m+jqpGZK9epaTw+knZZVBnZOeAzBQHI=
